
Microsoft Visual Studio Solution File, Format Version 12.00
# Visual Studio Version 17
VisualStudioVersion = 17.10.35013.160
MinimumVisualStudioVersion = 10.0.40219.1
Project("{FAE04EC0-301F-11D3-BF4B-00C04F79EFBC}") = "BPproject", "BPproject\BPproject.csproj", "{2A050F2A-71FC-45DD-95E5-669790E7722B}"
EndProject
Global
	GlobalSection(SolutionConfigurationPlatforms) = preSolution
		Debug|Any CPU = Debug|Any CPU
		Release|Any CPU = Release|Any CPU
	EndGlobalSection
	GlobalSection(ProjectConfigurationPlatforms) = postSolution
		{2A050F2A-71FC-45DD-95E5-669790E7722B}.Debug|Any CPU.ActiveCfg = Debug|Any CPU
		{2A050F2A-71FC-45DD-95E5-669790E7722B}.Debug|Any CPU.Build.0 = Debug|Any CPU
		{2A050F2A-71FC-45DD-95E5-669790E7722B}.Release|Any CPU.ActiveCfg = Release|Any CPU
		{2A050F2A-71FC-45DD-95E5-669790E7722B}.Release|Any CPU.Build.0 = Release|Any CPU
	EndGlobalSection
	GlobalSection(SolutionProperties) = preSolution
		HideSolutionNode = FALSE
	EndGlobalSection
	GlobalSection(ExtensibilityGlobals) = postSolution
		SolutionGuid = {1880E9AB-2DBD-448F-9BD0-E543BB9DF3B5}
	EndGlobalSection
EndGlobal
